
Microsoft Visual Studio Solution File, Format Version 12.00
# Visual Studio 14
VisualStudioVersion = 14.0.25420.1
MinimumVisualStudioVersion = 10.0.40219.1
Project("{8BC9CEB8-8B4A-11D0-8D11-00A0C91BC942}") = "CLMLib", "CLMLib.vcxproj", "{0E9B6D0F-9D4B-4AB7-A701-B100CA241E85}"
EndProject
Global
	GlobalSection(SolutionConfigurationPlatforms) = preSolution
		Debug|ARM = Debug|ARM
		Debug|x64 = Debug|x64
		Debug|x86 = Debug|x86
		Release|ARM = Release|ARM
		Release|x64 = Release|x64
		Release|x86 = Release|x86
	EndGlobalSection
	GlobalSection(ProjectConfigurationPlatforms) = postSolution
		{0E9B6D0F-9D4B-4AB7-A701-B100CA241E85}.Debug|ARM.ActiveCfg = Debug|Win32
		{0E9B6D0F-9D4B-4AB7-A701-B100CA241E85}.Debug|x64.ActiveCfg = Debug|Win32
		{0E9B6D0F-9D4B-4AB7-A701-B100CA241E85}.Debug|x86.ActiveCfg = Debug|Win32
		{0E9B6D0F-9D4B-4AB7-A701-B100CA241E85}.Debug|x86.Build.0 = Debug|Win32
		{0E9B6D0F-9D4B-4AB7-A701-B100CA241E85}.Release|ARM.ActiveCfg = Release|Win32
		{0E9B6D0F-9D4B-4AB7-A701-B100CA241E85}.Release|x64.ActiveCfg = Release|x64
		{0E9B6D0F-9D4B-4AB7-A701-B100CA241E85}.Release|x64.Build.0 = Release|x64
		{0E9B6D0F-9D4B-4AB7-A701-B100CA241E85}.Release|x86.ActiveCfg = Release|x64
	EndGlobalSection
	GlobalSection(SolutionProperties) = preSolution
		HideSolutionNode = FALSE
	EndGlobalSection
EndGlobal
