<?xml version="1.0" encoding="utf-8"?>
<Project ToolsVersion="14.0" xmlns="http://schemas.microsoft.com/developer/msbuild/2003">
  <ItemGroup>
    <ClCompile Include=".\benchmark.cpp">
      <Filter>Source Files</Filter>
    </ClCompile>
    <ClCompile Include=".\layer\absval.cpp">
      <Filter>Source Files</Filter>
    </ClCompile>
    <ClCompile Include=".\layer\batchnorm.cpp">
      <Filter>Source Files</Filter>
    </ClCompile>
    <ClCompile Include=".\layer\unaryop.cpp">
      <Filter>Source Files</Filter>
    </ClCompile>
    <ClCompile Include=".\layer\bias.cpp">
      <Filter>Source Files</Filter>
    </ClCompile>
    <ClCompile Include=".\layer\binaryop.cpp">
      <Filter>Source Files</Filter>
    </ClCompile>
    <ClCompile Include=".\blob.cpp">
      <Filter>Source Files</Filter>
    </ClCompile>
    <ClCompile Include=".\layer\bnll.cpp">
      <Filter>Source Files</Filter>
    </ClCompile>
    <ClCompile Include=".\layer\clip.cpp">
      <Filter>Source Files</Filter>
    </ClCompile>
    <ClCompile Include=".\layer\concat.cpp">
      <Filter>Source Files</Filter>
    </ClCompile>
    <ClCompile Include=".\layer\convolution.cpp">
      <Filter>Source Files</Filter>
    </ClCompile>
    <ClCompile Include=".\layer\x86\convolution_x86.cpp">
      <Filter>Source Files</Filter>
    </ClCompile>
    <ClCompile Include=".\layer\convolutiondepthwise.cpp">
      <Filter>Source Files</Filter>
    </ClCompile>
    <ClCompile Include=".\layer\x86\convolutiondepthwise_x86.cpp">
      <Filter>Source Files</Filter>
    </ClCompile>
    <ClCompile Include=".\cpu.cpp">
      <Filter>Source Files</Filter>
    </ClCompile>
    <ClCompile Include=".\layer\crop.cpp">
      <Filter>Source Files</Filter>
    </ClCompile>
    <ClCompile Include=".\layer\deconvolution.cpp">
      <Filter>Source Files</Filter>
    </ClCompile>
    <ClCompile Include=".\layer\deconvolutiondepthwise.cpp">
      <Filter>Source Files</Filter>
    </ClCompile>
    <ClCompile Include=".\layer\detectionoutput.cpp">
      <Filter>Source Files</Filter>
    </ClCompile>
    <ClCompile Include=".\layer\dropout.cpp">
      <Filter>Source Files</Filter>
    </ClCompile>
    <ClCompile Include=".\layer\eltwise.cpp">
      <Filter>Source Files</Filter>
    </ClCompile>
    <ClCompile Include=".\layer\elu.cpp">
      <Filter>Source Files</Filter>
    </ClCompile>
    <ClCompile Include=".\layer\embed.cpp">
      <Filter>Source Files</Filter>
    </ClCompile>
    <ClCompile Include=".\layer\exp.cpp">
      <Filter>Source Files</Filter>
    </ClCompile>
    <ClCompile Include=".\layer\expanddims.cpp">
      <Filter>Source Files</Filter>
    </ClCompile>
    <ClCompile Include=".\layer\flatten.cpp">
      <Filter>Source Files</Filter>
    </ClCompile>
    <ClCompile Include=".\layer\innerproduct.cpp">
      <Filter>Source Files</Filter>
    </ClCompile>
    <ClCompile Include=".\layer\input.cpp">
      <Filter>Source Files</Filter>
    </ClCompile>
    <ClCompile Include=".\layer\instancenorm.cpp">
      <Filter>Source Files</Filter>
    </ClCompile>
    <ClCompile Include=".\layer\interp.cpp">
      <Filter>Source Files</Filter>
    </ClCompile>
    <ClCompile Include=".\layer.cpp">
      <Filter>Source Files</Filter>
    </ClCompile>
    <ClCompile Include=".\layer\log.cpp">
      <Filter>Source Files</Filter>
    </ClCompile>
    <ClCompile Include=".\layer\lrn.cpp">
      <Filter>Source Files</Filter>
    </ClCompile>
    <ClCompile Include=".\mat.cpp">
      <Filter>Source Files</Filter>
    </ClCompile>
    <ClCompile Include=".\mat_pixel.cpp">
      <Filter>Source Files</Filter>
    </ClCompile>
    <ClCompile Include=".\layer\memorydata.cpp">
      <Filter>Source Files</Filter>
    </ClCompile>
    <ClCompile Include=".\modelbin.cpp">
      <Filter>Source Files</Filter>
    </ClCompile>
    <ClCompile Include=".\layer\mvn.cpp">
      <Filter>Source Files</Filter>
    </ClCompile>
    <ClCompile Include=".\net.cpp">
      <Filter>Source Files</Filter>
    </ClCompile>
    <ClCompile Include=".\layer\normalize.cpp">
      <Filter>Source Files</Filter>
    </ClCompile>
    <ClCompile Include=".\opencv.cpp">
      <Filter>Source Files</Filter>
    </ClCompile>
    <ClCompile Include=".\layer\padding.cpp">
      <Filter>Source Files</Filter>
    </ClCompile>
    <ClCompile Include=".\paramdict.cpp">
      <Filter>Source Files</Filter>
    </ClCompile>
    <ClCompile Include=".\layer\permute.cpp">
      <Filter>Source Files</Filter>
    </ClCompile>
    <ClCompile Include=".\layer\pooling.cpp">
      <Filter>Source Files</Filter>
    </ClCompile>
    <ClCompile Include=".\layer\power.cpp">
      <Filter>Source Files</Filter>
    </ClCompile>
    <ClCompile Include=".\layer\prelu.cpp">
      <Filter>Source Files</Filter>
    </ClCompile>
    <ClCompile Include=".\layer\priorbox.cpp">
      <Filter>Source Files</Filter>
    </ClCompile>
    <ClCompile Include=".\layer\proposal.cpp">
      <Filter>Source Files</Filter>
    </ClCompile>
    <ClCompile Include=".\layer\reduction.cpp">
      <Filter>Source Files</Filter>
    </ClCompile>
    <ClCompile Include=".\layer\relu.cpp">
      <Filter>Source Files</Filter>
    </ClCompile>
    <ClCompile Include=".\layer\reshape.cpp">
      <Filter>Source Files</Filter>
    </ClCompile>
    <ClCompile Include=".\layer\roipooling.cpp">
      <Filter>Source Files</Filter>
    </ClCompile>
    <ClCompile Include=".\layer\scale.cpp">
      <Filter>Source Files</Filter>
    </ClCompile>
    <ClCompile Include=".\layer\shufflechannel.cpp">
      <Filter>Source Files</Filter>
    </ClCompile>
    <ClCompile Include=".\layer\sigmoid.cpp">
      <Filter>Source Files</Filter>
    </ClCompile>
    <ClCompile Include=".\layer\slice.cpp">
      <Filter>Source Files</Filter>
    </ClCompile>
    <ClCompile Include=".\layer\softmax.cpp">
      <Filter>Source Files</Filter>
    </ClCompile>
    <ClCompile Include=".\layer\split.cpp">
      <Filter>Source Files</Filter>
    </ClCompile>
    <ClCompile Include=".\layer\squeeze.cpp">
      <Filter>Source Files</Filter>
    </ClCompile>
    <ClCompile Include=".\layer\tanh.cpp">
      <Filter>Source Files</Filter>
    </ClCompile>
    <ClCompile Include=".\layer\threshold.cpp">
      <Filter>Source Files</Filter>
    </ClCompile>
    <ClCompile Include="..\ncnn-retina\anchor_generator.cpp">
      <Filter>facedetect</Filter>
    </ClCompile>
    <ClCompile Include="..\ncnn-retina\config.cpp">
      <Filter>facedetect</Filter>
    </ClCompile>
    <ClCompile Include="..\ncnn-retina\detect.cpp">
      <Filter>facedetect</Filter>
    </ClCompile>
    <ClCompile Include="..\ncnn-retina\tools.cpp">
      <Filter>facedetect</Filter>
    </ClCompile>
  </ItemGroup>
  <ItemGroup>
    <Filter Include="Source Files">
      <UniqueIdentifier>{AACB068E-4FC1-3E5A-8745-F62591BB222F}</UniqueIdentifier>
    </Filter>
    <Filter Include="facedetect">
      <UniqueIdentifier>{f9bead27-058c-4e91-bcf6-e4c28fb23403}</UniqueIdentifier>
    </Filter>
  </ItemGroup>
  <ItemGroup>
    <ClInclude Include="..\ncnn-retina\anchor_generator.h">
      <Filter>facedetect</Filter>
    </ClInclude>
    <ClInclude Include="..\ncnn-retina\config.h">
      <Filter>facedetect</Filter>
    </ClInclude>
    <ClInclude Include="..\ncnn-retina\tools.h">
      <Filter>facedetect</Filter>
    </ClInclude>
    <ClInclude Include="..\ncnn-retina\detect.h">
      <Filter>facedetect</Filter>
    </ClInclude>
  </ItemGroup>
</Project>